
Microsoft Visual Studio Solution File, Format Version 12.00
# Visual Studio 15
VisualStudioVersion = 15.0.27130.2036
MinimumVisualStudioVersion = 10.0.40219.1
Project("{FAE04EC0-301F-11D3-BF4B-00C04F79EFBC}") = "PastaHouse", "PastaHouse\PastaHouse.csproj", "{49D55638-499C-4AE2-B746-546A8ECB5655}"
EndProject
Global
	GlobalSection(SolutionConfigurationPlatforms) = preSolution
		Debug|Any CPU = Debug|Any CPU
		Release|Any CPU = Release|Any CPU
	EndGlobalSection
	GlobalSection(ProjectConfigurationPlatforms) = postSolution
		{49D55638-499C-4AE2-B746-546A8ECB5655}.Debug|Any CPU.ActiveCfg = Debug|Any CPU
		{49D55638-499C-4AE2-B746-546A8ECB5655}.Debug|Any CPU.Build.0 = Debug|Any CPU
		{49D55638-499C-4AE2-B746-546A8ECB5655}.Release|Any CPU.ActiveCfg = Release|Any CPU
		{49D55638-499C-4AE2-B746-546A8ECB5655}.Release|Any CPU.Build.0 = Release|Any CPU
	EndGlobalSection
	GlobalSection(SolutionProperties) = preSolution
		HideSolutionNode = FALSE
	EndGlobalSection
	GlobalSection(ExtensibilityGlobals) = postSolution
		SolutionGuid = {8082BF1C-A2EA-4803-8DE7-F5E43C36AFA7}
	EndGlobalSection
EndGlobal
